// !$*UTF8*$!
{
	archiveVersion = 1;
	classes = {
	};
	objectVersion = 55;
	objects = {

/* Begin PBXBuildFile section */
		7522B1A82872C81500D237A1 /* Tree.m in Sources */ = {isa = PBXBuildFile; fileRef = 7522B1A72872C81500D237A1 /* Tree.m */; };
		75537C4628A9403C0081E634 /* Entity.m in Sources */ = {isa = PBXBuildFile; fileRef = 75537C4528A9403C0081E634 /* Entity.m */; };
		75537C4A28A987430081E634 /* NSURL+Extensions.m in Sources */ = {isa = PBXBuildFile; fileRef = 75537C4928A987430081E634 /* NSURL+Extensions.m */; };
		75B9893F287218C5009B7F76 /* main.m in Sources */ = {isa = PBXBuildFile; fileRef = 75B9893E287218C5009B7F76 /* main.m */; };
/* End PBXBuildFile section */

/* Begin PBXCopyFilesBuildPhase section */
		75B98939287218C5009B7F76 /* CopyFiles */ = {
			isa = PBXCopyFilesBuildPhase;
			buildActionMask = 2147483647;
			dstPath = /usr/share/man/man1/;
			dstSubfolderSpec = 0;
			files = (
			);
			runOnlyForDeploymentPostprocessing = 1;
		};
/* End PBXCopyFilesBuildPhase section */

/* Begin PBXFileReference section */
		7522B1A62872C81500D237A1 /* Tree.h */ = {isa = PBXFileReference; lastKnownFileType = sourcecode.c.h; path = Tree.h; sourceTree = "<group>"; };
		7522B1A72872C81500D237A1 /* Tree.m */ = {isa = PBXFileReference; lastKnownFileType = sourcecode.c.objc; path = Tree.m; sourceTree = "<group>"; };
		7522B1DB28A8096500D237A1 /* FileType.h */ = {isa = PBXFileReference; lastKnownFileType = sourcecode.c.h; path = FileType.h; sourceTree = "<group>"; };
		75537C4428A9403C0081E634 /* Entity.h */ = {isa = PBXFileReference; lastKnownFileType = sourcecode.c.h; path = Entity.h; sourceTree = "<group>"; };
		75537C4528A9403C0081E634 /* Entity.m */ = {isa = PBXFileReference; lastKnownFileType = sourcecode.c.objc; path = Entity.m; sourceTree = "<group>"; };
		75537C4828A987430081E634 /* NSURL+Extensions.h */ = {isa = PBXFileReference; lastKnownFileType = sourcecode.c.h; path = "NSURL+Extensions.h"; sourceTree = "<group>"; };
		75537C4928A987430081E634 /* NSURL+Extensions.m */ = {isa = PBXFileReference; lastKnownFileType = sourcecode.c.objc; path = "NSURL+Extensions.m"; sourceTree = "<group>"; };
		75537C4B28A9879F0081E634 /* Size.h */ = {isa = PBXFileReference; lastKnownFileType = sourcecode.c.h; path = Size.h; sourceTree = "<group>"; };
		75537C4D28AA7B710081E634 /* help.h */ = {isa = PBXFileReference; lastKnownFileType = sourcecode.c.h; path = help.h; sourceTree = "<group>"; };
		75537C4E28AE5B2B0081E634 /* ColorRule.h */ = {isa = PBXFileReference; lastKnownFileType = sourcecode.c.h; path = ColorRule.h; sourceTree = "<group>"; };
		75B9893B287218C5009B7F76 /* Tree */ = {isa = PBXFileReference; explicitFileType = "compiled.mach-o.executable"; includeInIndex = 0; path = Tree; sourceTree = BUILT_PRODUCTS_DIR; };
		75B9893E287218C5009B7F76 /* main.m */ = {isa = PBXFileReference; lastKnownFileType = sourcecode.c.objc; path = main.m; sourceTree = "<group>"; };
/* End PBXFileReference section */

/* Begin PBXFrameworksBuildPhase section */
		75B98938287218C5009B7F76 /* Frameworks */ = {
			isa = PBXFrameworksBuildPhase;
			buildActionMask = 2147483647;
			files = (
			);
			runOnlyForDeploymentPostprocessing = 0;
		};
/* End PBXFrameworksBuildPhase section */

/* Begin PBXGroup section */
		75537C4C28AA7B530081E634 /* Entity */ = {
			isa = PBXGroup;
			children = (
				75537C4428A9403C0081E634 /* Entity.h */,
				75537C4528A9403C0081E634 /* Entity.m */,
			);
			path = Entity;
			sourceTree = "<group>";
		};
		75B98932287218C4009B7F76 = {
			isa = PBXGroup;
			children = (
				75B9893D287218C5009B7F76 /* Tree */,
				75B9893C287218C5009B7F76 /* Products */,
			);
			sourceTree = "<group>";
		};
		75B9893C287218C5009B7F76 /* Products */ = {
			isa = PBXGroup;
			children = (
				75B9893B287218C5009B7F76 /* Tree */,
			);
			name = Products;
			sourceTree = "<group>";
		};
		75B9893D287218C5009B7F76 /* Tree */ = {
			isa = PBXGroup;
			children = (
				75537C4C28AA7B530081E634 /* Entity */,
				75B9893E287218C5009B7F76 /* main.m */,
				75537C4E28AE5B2B0081E634 /* ColorRule.h */,
				75537C4D28AA7B710081E634 /* help.h */,
				7522B1A62872C81500D237A1 /* Tree.h */,
				7522B1A72872C81500D237A1 /* Tree.m */,
				75537C4B28A9879F0081E634 /* Size.h */,
				75537C4828A987430081E634 /* NSURL+Extensions.h */,
				75537C4928A987430081E634 /* NSURL+Extensions.m */,
				7522B1DB28A8096500D237A1 /* FileType.h */,
			);
			path = Tree;
			sourceTree = "<group>";
		};
/* End PBXGroup section */

/* Begin PBXNativeTarget section */
		75B9893A287218C5009B7F76 /* Tree */ = {
			isa = PBXNativeTarget;
			buildConfigurationList = 75B98942287218C5009B7F76 /* Build configuration list for PBXNativeTarget "Tree" */;
			buildPhases = (
				75B98937287218C5009B7F76 /* Sources */,
				75B98938287218C5009B7F76 /* Frameworks */,
				75B98939287218C5009B7F76 /* CopyFiles */,
			);
			buildRules = (
			);
			dependencies = (
			);
			name = Tree;
			productName = Tree;
			productReference = 75B9893B287218C5009B7F76 /* Tree */;
			productType = "com.apple.product-type.tool";
		};
/* End PBXNativeTarget section */

/* Begin PBXProject section */
		75B98933287218C5009B7F76 /* Project object */ = {
			isa = PBXProject;
			attributes = {
				BuildIndependentTargetsInParallel = 1;
				LastUpgradeCheck = 1340;
				TargetAttributes = {
					75B9893A287218C5009B7F76 = {
						CreatedOnToolsVersion = 13.4.1;
					};
				};
			};
			buildConfigurationList = 75B98936287218C5009B7F76 /* Build configuration list for PBXProject "Tree" */;
			compatibilityVersion = "Xcode 13.0";
			developmentRegion = en;
			hasScannedForEncodings = 0;
			knownRegions = (
				en,
				Base,
			);
			mainGroup = 75B98932287218C4009B7F76;
			productRefGroup = 75B9893C287218C5009B7F76 /* Products */;
			projectDirPath = "";
			projectRoot = "";
			targets = (
				75B9893A287218C5009B7F76 /* Tree */,
			);
		};
/* End PBXProject section */

/* Begin PBXSourcesBuildPhase section */
		75B98937287218C5009B7F76 /* Sources */ = {
			isa = PBXSourcesBuildPhase;
			buildActionMask = 2147483647;
			files = (
				75537C4A28A987430081E634 /* NSURL+Extensions.m in Sources */,
				75537C4628A9403C0081E634 /* Entity.m in Sources */,
				75B9893F287218C5009B7F76 /* main.m in Sources */,
				7522B1A82872C81500D237A1 /* Tree.m in Sources */,
			);
			runOnlyForDeploymentPostprocessing = 0;
		};
/* End PBXSourcesBuildPhase section */

/* Begin XCBuildConfiguration section */
		75B98940287218C5009B7F76 /* Debug */ = {
			isa = XCBuildConfiguration;
			buildSettings = {
				ALWAYS_SEARCH_USER_PATHS = NO;
				CLANG_ANALYZER_NONNULL = YES;
				CLANG_ANALYZER_NUMBER_OBJECT_CONVERSION = YES_AGGRESSIVE;
				CLANG_CXX_LANGUAGE_STANDARD = "gnu++17";
				CLANG_ENABLE_MODULES = YES;
				CLANG_ENABLE_OBJC_ARC = YES;
				CLANG_ENABLE_OBJC_WEAK = YES;
				CLANG_WARN_BLOCK_CAPTURE_AUTORELEASING = YES;
				CLANG_WARN_BOOL_CONVERSION = YES;
				CLANG_WARN_COMMA = YES;
				CLANG_WARN_CONSTANT_CONVERSION = YES;
				CLANG_WARN_DEPRECATED_OBJC_IMPLEMENTATIONS = YES;
				CLANG_WARN_DIRECT_OBJC_ISA_USAGE = YES_ERROR;
				CLANG_WARN_DOCUMENTATION_COMMENTS = YES;
				CLANG_WARN_EMPTY_BODY = YES;
				CLANG_WARN_ENUM_CONVERSION = YES;
				CLANG_WARN_INFINITE_RECURSION = YES;
				CLANG_WARN_INT_CONVERSION = YES;
				CLANG_WARN_NON_LITERAL_NULL_CONVERSION = YES;
				CLANG_WARN_OBJC_IMPLICIT_RETAIN_SELF = YES;
				CLANG_WARN_OBJC_LITERAL_CONVERSION = YES;
				CLANG_WARN_OBJC_ROOT_CLASS = YES_ERROR;
				CLANG_WARN_QUOTED_INCLUDE_IN_FRAMEWORK_HEADER = YES;
				CLANG_WARN_RANGE_LOOP_ANALYSIS = YES;
				CLANG_WARN_STRICT_PROTOTYPES = YES;
				CLANG_WARN_SUSPICIOUS_MOVE = YES;
				CLANG_WARN_UNGUARDED_AVAILABILITY = YES_AGGRESSIVE;
				CLANG_WARN_UNREACHABLE_CODE = YES;
				CLANG_WARN__DUPLICATE_METHOD_MATCH = YES;
				COPY_PHASE_STRIP = NO;
				DEBUG_INFORMATION_FORMAT = dwarf;
				ENABLE_STRICT_OBJC_MSGSEND = YES;
				ENABLE_TESTABILITY = YES;
				GCC_C_LANGUAGE_STANDARD = gnu11;
				GCC_DYNAMIC_NO_PIC = NO;
				GCC_NO_COMMON_BLOCKS = YES;
				GCC_OPTIMIZATION_LEVEL = 0;
				GCC_PREPROCESSOR_DEFINITIONS = (
					"DEBUG=1",
					"$(inherited)",
				);
				GCC_WARN_64_TO_32_BIT_CONVERSION = YES;
				GCC_WARN_ABOUT_RETURN_TYPE = YES_ERROR;
				GCC_WARN_UNDECLARED_SELECTOR = YES;
				GCC_WARN_UNINITIALIZED_AUTOS = YES_AGGRESSIVE;
				GCC_WARN_UNUSED_FUNCTION = YES;
				GCC_WARN_UNUSED_VARIABLE = YES;
				MACOSX_DEPLOYMENT_TARGET = 12.3;
				MTL_ENABLE_DEBUG_INFO = INCLUDE_SOURCE;
				MTL_FAST_MATH = YES;
				ONLY_ACTIVE_ARCH = YES;
				SDKROOT = macosx;
			};
			name = Debug;
		};
		75B98941287218C5009B7F76 /* Release */ = {
			isa = XCBuildConfiguration;
			buildSettings = {
				ALWAYS_SEARCH_USER_PATHS = NO;
				CLANG_ANALYZER_NONNULL = YES;
				CLANG_ANALYZER_NUMBER_OBJECT_CONVERSION = YES_AGGRESSIVE;
				CLANG_CXX_LANGUAGE_STANDARD = "gnu++17";
				CLANG_ENABLE_MODULES = YES;
				CLANG_ENABLE_OBJC_ARC = YES;
				CLANG_ENABLE_OBJC_WEAK = YES;
				CLANG_WARN_BLOCK_CAPTURE_AUTORELEASING = YES;
				CLANG_WARN_BOOL_CONVERSION = YES;
				CLANG_WARN_COMMA = YES;
				CLANG_WARN_CONSTANT_CONVERSION = YES;
				CLANG_WARN_DEPRECATED_OBJC_IMPLEMENTATIONS = YES;
				CLANG_WARN_DIRECT_OBJC_ISA_USAGE = YES_ERROR;
				CLANG_WARN_DOCUMENTATION_COMMENTS = YES;
				CLANG_WARN_EMPTY_BODY = YES;
				CLANG_WARN_ENUM_CONVERSION = YES;
				CLANG_WARN_INFINITE_RECURSION = YES;
				CLANG_WARN_INT_CONVERSION = YES;
				CLANG_WARN_NON_LITERAL_NULL_CONVERSION = YES;
				CLANG_WARN_OBJC_IMPLICIT_RETAIN_SELF = YES;
				CLANG_WARN_OBJC_LITERAL_CONVERSION = YES;
				CLANG_WARN_OBJC_ROOT_CLASS = YES_ERROR;
				CLANG_WARN_QUOTED_INCLUDE_IN_FRAMEWORK_HEADER = YES;
				CLANG_WARN_RANGE_LOOP_ANALYSIS = YES;
				CLANG_WARN_STRICT_PROTOTYPES = YES;
				CLANG_WARN_SUSPICIOUS_MOVE = YES;
				CLANG_WARN_UNGUARDED_AVAILABILITY = YES_AGGRESSIVE;
				CLANG_WARN_UNREACHABLE_CODE = YES;
				CLANG_WARN__DUPLICATE_METHOD_MATCH = YES;
				COPY_PHASE_STRIP = NO;
				DEBUG_INFORMATION_FORMAT = "dwarf-with-dsym";
				ENABLE_NS_ASSERTIONS = NO;
				ENABLE_STRICT_OBJC_MSGSEND = YES;
				GCC_C_LANGUAGE_STANDARD = gnu11;
				GCC_NO_COMMON_BLOCKS = YES;
				GCC_WARN_64_TO_32_BIT_CONVERSION = YES;
				GCC_WARN_ABOUT_RETURN_TYPE = YES_ERROR;
				GCC_WARN_UNDECLARED_SELECTOR = YES;
				GCC_WARN_UNINITIALIZED_AUTOS = YES_AGGRESSIVE;
				GCC_WARN_UNUSED_FUNCTION = YES;
				GCC_WARN_UNUSED_VARIABLE = YES;
				MACOSX_DEPLOYMENT_TARGET = 12.3;
				MTL_ENABLE_DEBUG_INFO = NO;
				MTL_FAST_MATH = YES;
				SDKROOT = macosx;
			};
			name = Release;
		};
		75B98943287218C5009B7F76 /* Debug */ = {
			isa = XCBuildConfiguration;
			buildSettings = {
				CODE_SIGN_STYLE = Automatic;
				PRODUCT_NAME = "$(TARGET_NAME)";
			};
			name = Debug;
		};
		75B98944287218C5009B7F76 /* Release */ = {
			isa = XCBuildConfiguration;
			buildSettings = {
				CODE_SIGN_STYLE = Automatic;
				PRODUCT_NAME = "$(TARGET_NAME)";
			};
			name = Release;
		};
/* End XCBuildConfiguration section */

/* Begin XCConfigurationList section */
		75B98936287218C5009B7F76 /* Build configuration list for PBXProject "Tree" */ = {
			isa = XCConfigurationList;
			buildConfigurations = (
				75B98940287218C5009B7F76 /* Debug */,
				75B98941287218C5009B7F76 /* Release */,
			);
			defaultConfigurationIsVisible = 0;
			defaultConfigurationName = Release;
		};
		75B98942287218C5009B7F76 /* Build configuration list for PBXNativeTarget "Tree" */ = {
			isa = XCConfigurationList;
			buildConfigurations = (
				75B98943287218C5009B7F76 /* Debug */,
				75B98944287218C5009B7F76 /* Release */,
			);
			defaultConfigurationIsVisible = 0;
			defaultConfigurationName = Release;
		};
/* End XCConfigurationList section */
	};
	rootObject = 75B98933287218C5009B7F76 /* Project object */;
}
